// !$*UTF8*$!
{
	archiveVersion = 1;
	classes = {
	};
	objectVersion = 50;
	objects = {

/* Begin PBXBuildFile section */
		18508051241FD9ED00F261E1 /* AppDelegate.swift in Sources */ = {isa = PBXBuildFile; fileRef = 18508050241FD9ED00F261E1 /* AppDelegate.swift */; };
		18508053241FD9ED00F261E1 /* SceneDelegate.swift in Sources */ = {isa = PBXBuildFile; fileRef = 18508052241FD9ED00F261E1 /* SceneDelegate.swift */; };
		18508055241FD9ED00F261E1 /* ViewController.swift in Sources */ = {isa = PBXBuildFile; fileRef = 18508054241FD9ED00F261E1 /* ViewController.swift */; };
		18508058241FD9ED00F261E1 /* Main.storyboard in Resources */ = {isa = PBXBuildFile; fileRef = 18508056241FD9ED00F261E1 /* Main.storyboard */; };
		1850805B241FD9ED00F261E1 /* Playground.xcdatamodeld in Sources */ = {isa = PBXBuildFile; fileRef = 18508059241FD9ED00F261E1 /* Playground.xcdatamodeld */; };
		1850805D241FD9EE00F261E1 /* Assets.xcassets in Resources */ = {isa = PBXBuildFile; fileRef = 1850805C241FD9EE00F261E1 /* Assets.xcassets */; };
		18508060241FD9EE00F261E1 /* LaunchScreen.storyboard in Resources */ = {isa = PBXBuildFile; fileRef = 1850805E241FD9EE00F261E1 /* LaunchScreen.storyboard */; };
		1850806B241FD9EE00F261E1 /* PlaygroundTests.swift in Sources */ = {isa = PBXBuildFile; fileRef = 1850806A241FD9EE00F261E1 /* PlaygroundTests.swift */; };
		18508076241FD9EE00F261E1 /* PlaygroundUITests.swift in Sources */ = {isa = PBXBuildFile; fileRef = 18508075241FD9EE00F261E1 /* PlaygroundUITests.swift */; };
/* End PBXBuildFile section */

/* Begin PBXContainerItemProxy section */
		18508067241FD9EE00F261E1 /* PBXContainerItemProxy */ = {
			isa = PBXContainerItemProxy;
			containerPortal = 18508045241FD9ED00F261E1 /* Project object */;
			proxyType = 1;
			remoteGlobalIDString = 1850804C241FD9ED00F261E1;
			remoteInfo = Playground;
		};
		18508072241FD9EE00F261E1 /* PBXContainerItemProxy */ = {
			isa = PBXContainerItemProxy;
			containerPortal = 18508045241FD9ED00F261E1 /* Project object */;
			proxyType = 1;
			remoteGlobalIDString = 1850804C241FD9ED00F261E1;
			remoteInfo = Playground;
		};
/* End PBXContainerItemProxy section */

/* Begin PBXFileReference section */
		1850804D241FD9ED00F261E1 /* Playground.app */ = {isa = PBXFileReference; explicitFileType = wrapper.application; includeInIndex = 0; path = Playground.app; sourceTree = BUILT_PRODUCTS_DIR; };
		18508050241FD9ED00F261E1 /* AppDelegate.swift */ = {isa = PBXFileReference; lastKnownFileType = sourcecode.swift; path = AppDelegate.swift; sourceTree = "<group>"; };
		18508052241FD9ED00F261E1 /* SceneDelegate.swift */ = {isa = PBXFileReference; lastKnownFileType = sourcecode.swift; path = SceneDelegate.swift; sourceTree = "<group>"; };
		18508054241FD9ED00F261E1 /* ViewController.swift */ = {isa = PBXFileReference; lastKnownFileType = sourcecode.swift; path = ViewController.swift; sourceTree = "<group>"; };
		18508057241FD9ED00F261E1 /* Base */ = {isa = PBXFileReference; lastKnownFileType = file.storyboard; name = Base; path = Base.lproj/Main.storyboard; sourceTree = "<group>"; };
		1850805A241FD9ED00F261E1 /* Playground.xcdatamodel */ = {isa = PBXFileReference; lastKnownFileType = wrapper.xcdatamodel; path = Playground.xcdatamodel; sourceTree = "<group>"; };
		1850805C241FD9EE00F261E1 /* Assets.xcassets */ = {isa = PBXFileReference; lastKnownFileType = folder.assetcatalog; path = Assets.xcassets; sourceTree = "<group>"; };
		1850805F241FD9EE00F261E1 /* Base */ = {isa = PBXFileReference; lastKnownFileType = file.storyboard; name = Base; path = Base.lproj/LaunchScreen.storyboard; sourceTree = "<group>"; };
		18508061241FD9EE00F261E1 /* Info.plist */ = {isa = PBXFileReference; lastKnownFileType = text.plist.xml; path = Info.plist; sourceTree = "<group>"; };
		18508066241FD9EE00F261E1 /* PlaygroundTests.xctest */ = {isa = PBXFileReference; explicitFileType = wrapper.cfbundle; includeInIndex = 0; path = PlaygroundTests.xctest; sourceTree = BUILT_PRODUCTS_DIR; };
		1850806A241FD9EE00F261E1 /* PlaygroundTests.swift */ = {isa = PBXFileReference; lastKnownFileType = sourcecode.swift; path = PlaygroundTests.swift; sourceTree = "<group>"; };
		1850806C241FD9EE00F261E1 /* Info.plist */ = {isa = PBXFileReference; lastKnownFileType = text.plist.xml; path = Info.plist; sourceTree = "<group>"; };
		18508071241FD9EE00F261E1 /* PlaygroundUITests.xctest */ = {isa = PBXFileReference; explicitFileType = wrapper.cfbundle; includeInIndex = 0; path = PlaygroundUITests.xctest; sourceTree = BUILT_PRODUCTS_DIR; };
		18508075241FD9EE00F261E1 /* PlaygroundUITests.swift */ = {isa = PBXFileReference; lastKnownFileType = sourcecode.swift; path = PlaygroundUITests.swift; sourceTree = "<group>"; };
		18508077241FD9EE00F261E1 /* Info.plist */ = {isa = PBXFileReference; lastKnownFileType = text.plist.xml; path = Info.plist; sourceTree = "<group>"; };
/* End PBXFileReference section */

/* Begin PBXFrameworksBuildPhase section */
		1850804A241FD9ED00F261E1 /* Frameworks */ = {
			isa = PBXFrameworksBuildPhase;
			buildActionMask = 2147483647;
			files = (
			);
			runOnlyForDeploymentPostprocessing = 0;
		};
		18508063241FD9EE00F261E1 /* Frameworks */ = {
			isa = PBXFrameworksBuildPhase;
			buildActionMask = 2147483647;
			files = (
			);
			runOnlyForDeploymentPostprocessing = 0;
		};
		1850806E241FD9EE00F261E1 /* Frameworks */ = {
			isa = PBXFrameworksBuildPhase;
			buildActionMask = 2147483647;
			files = (
			);
			runOnlyForDeploymentPostprocessing = 0;
		};
/* End PBXFrameworksBuildPhase section */

/* Begin PBXGroup section */
		18508044241FD9ED00F261E1 = {
			isa = PBXGroup;
			children = (
				1850804F241FD9ED00F261E1 /* Playground */,
				18508069241FD9EE00F261E1 /* PlaygroundTests */,
				18508074241FD9EE00F261E1 /* PlaygroundUITests */,
				1850804E241FD9ED00F261E1 /* Products */,
			);
			sourceTree = "<group>";
		};
		1850804E241FD9ED00F261E1 /* Products */ = {
			isa = PBXGroup;
			children = (
				1850804D241FD9ED00F261E1 /* Playground.app */,
				18508066241FD9EE00F261E1 /* PlaygroundTests.xctest */,
				18508071241FD9EE00F261E1 /* PlaygroundUITests.xctest */,
			);
			name = Products;
			sourceTree = "<group>";
		};
		1850804F241FD9ED00F261E1 /* Playground */ = {
			isa = PBXGroup;
			children = (
				18508054241FD9ED00F261E1 /* ViewController.swift */,
				18508052241FD9ED00F261E1 /* SceneDelegate.swift */,
				18508056241FD9ED00F261E1 /* Main.storyboard */,
				18508083241FDF3100F261E1 /* Supporting Files */,
				18508061241FD9EE00F261E1 /* Info.plist */,
				18508059241FD9ED00F261E1 /* Playground.xcdatamodeld */,
			);
			path = Playground;
			sourceTree = "<group>";
		};
		18508069241FD9EE00F261E1 /* PlaygroundTests */ = {
			isa = PBXGroup;
			children = (
				1850806A241FD9EE00F261E1 /* PlaygroundTests.swift */,
				1850806C241FD9EE00F261E1 /* Info.plist */,
			);
			path = PlaygroundTests;
			sourceTree = "<group>";
		};
		18508074241FD9EE00F261E1 /* PlaygroundUITests */ = {
			isa = PBXGroup;
			children = (
				18508075241FD9EE00F261E1 /* PlaygroundUITests.swift */,
				18508077241FD9EE00F261E1 /* Info.plist */,
			);
			path = PlaygroundUITests;
			sourceTree = "<group>";
		};
		18508083241FDF3100F261E1 /* Supporting Files */ = {
			isa = PBXGroup;
			children = (
				18508050241FD9ED00F261E1 /* AppDelegate.swift */,
				1850805E241FD9EE00F261E1 /* LaunchScreen.storyboard */,
				1850805C241FD9EE00F261E1 /* Assets.xcassets */,
			);
			path = "Supporting Files";
			sourceTree = "<group>";
		};
/* End PBXGroup section */

/* Begin PBXNativeTarget section */
		1850804C241FD9ED00F261E1 /* Playground */ = {
			isa = PBXNativeTarget;
			buildConfigurationList = 1850807A241FD9EE00F261E1 /* Build configuration list for PBXNativeTarget "Playground" */;
			buildPhases = (
				18508049241FD9ED00F261E1 /* Sources */,
				1850804A241FD9ED00F261E1 /* Frameworks */,
				1850804B241FD9ED00F261E1 /* Resources */,
			);
			buildRules = (
			);
			dependencies = (
			);
			name = Playground;
			productName = Playground;
			productReference = 1850804D241FD9ED00F261E1 /* Playground.app */;
			productType = "com.apple.product-type.application";
		};
		18508065241FD9EE00F261E1 /* PlaygroundTests */ = {
			isa = PBXNativeTarget;
			buildConfigurationList = 1850807D241FD9EE00F261E1 /* Build configuration list for PBXNativeTarget "PlaygroundTests" */;
			buildPhases = (
				18508062241FD9EE00F261E1 /* Sources */,
				18508063241FD9EE00F261E1 /* Frameworks */,
				18508064241FD9EE00F261E1 /* Resources */,
			);
			buildRules = (
			);
			dependencies = (
				18508068241FD9EE00F261E1 /* PBXTargetDependency */,
			);
			name = PlaygroundTests;
			productName = PlaygroundTests;
			productReference = 18508066241FD9EE00F261E1 /* PlaygroundTests.xctest */;
			productType = "com.apple.product-type.bundle.unit-test";
		};
		18508070241FD9EE00F261E1 /* PlaygroundUITests */ = {
			isa = PBXNativeTarget;
			buildConfigurationList = 18508080241FD9EE00F261E1 /* Build configuration list for PBXNativeTarget "PlaygroundUITests" */;
			buildPhases = (
				1850806D241FD9EE00F261E1 /* Sources */,
				1850806E241FD9EE00F261E1 /* Frameworks */,
				1850806F241FD9EE00F261E1 /* Resources */,
			);
			buildRules = (
			);
			dependencies = (
				18508073241FD9EE00F261E1 /* PBXTargetDependency */,
			);
			name = PlaygroundUITests;
			productName = PlaygroundUITests;
			productReference = 18508071241FD9EE00F261E1 /* PlaygroundUITests.xctest */;
			productType = "com.apple.product-type.bundle.ui-testing";
		};
/* End PBXNativeTarget section */

/* Begin PBXProject section */
		18508045241FD9ED00F261E1 /* Project object */ = {
			isa = PBXProject;
			attributes = {
				LastSwiftUpdateCheck = 1130;
				LastUpgradeCheck = 1130;
				ORGANIZATIONNAME = Apple;
				TargetAttributes = {
					1850804C241FD9ED00F261E1 = {
						CreatedOnToolsVersion = 11.3.1;
					};
					18508065241FD9EE00F261E1 = {
						CreatedOnToolsVersion = 11.3.1;
						TestTargetID = 1850804C241FD9ED00F261E1;
					};
					18508070241FD9EE00F261E1 = {
						CreatedOnToolsVersion = 11.3.1;
						TestTargetID = 1850804C241FD9ED00F261E1;
					};
				};
			};
			buildConfigurationList = 18508048241FD9ED00F261E1 /* Build configuration list for PBXProject "Playground" */;
			compatibilityVersion = "Xcode 9.3";
			developmentRegion = en;
			hasScannedForEncodings = 0;
			knownRegions = (
				en,
				Base,
			);
			mainGroup = 18508044241FD9ED00F261E1;
			productRefGroup = 1850804E241FD9ED00F261E1 /* Products */;
			projectDirPath = "";
			projectRoot = "";
			targets = (
				1850804C241FD9ED00F261E1 /* Playground */,
				18508065241FD9EE00F261E1 /* PlaygroundTests */,
				18508070241FD9EE00F261E1 /* PlaygroundUITests */,
			);
		};
/* End PBXProject section */

/* Begin PBXResourcesBuildPhase section */
		1850804B241FD9ED00F261E1 /* Resources */ = {
			isa = PBXResourcesBuildPhase;
			buildActionMask = 2147483647;
			files = (
				18508060241FD9EE00F261E1 /* LaunchScreen.storyboard in Resources */,
				1850805D241FD9EE00F261E1 /* Assets.xcassets in Resources */,
				18508058241FD9ED00F261E1 /* Main.storyboard in Resources */,
			);
			runOnlyForDeploymentPostprocessing = 0;
		};
		18508064241FD9EE00F261E1 /* Resources */ = {
			isa = PBXResourcesBuildPhase;
			buildActionMask = 2147483647;
			files = (
			);
			runOnlyForDeploymentPostprocessing = 0;
		};
		1850806F241FD9EE00F261E1 /* Resources */ = {
			isa = PBXResourcesBuildPhase;
			buildActionMask = 2147483647;
			files = (
			);
			runOnlyForDeploymentPostprocessing = 0;
		};
/* End PBXResourcesBuildPhase section */

/* Begin PBXSourcesBuildPhase section */
		18508049241FD9ED00F261E1 /* Sources */ = {
			isa = PBXSourcesBuildPhase;
			buildActionMask = 2147483647;
			files = (
				1850805B241FD9ED00F261E1 /* Playground.xcdatamodeld in Sources */,
				18508055241FD9ED00F261E1 /* ViewController.swift in Sources */,
				18508051241FD9ED00F261E1 /* AppDelegate.swift in Sources */,
				18508053241FD9ED00F261E1 /* SceneDelegate.swift in Sources */,
			);
			runOnlyForDeploymentPostprocessing = 0;
		};
		18508062241FD9EE00F261E1 /* Sources */ = {
			isa = PBXSourcesBuildPhase;
			buildActionMask = 2147483647;
			files = (
				1850806B241FD9EE00F261E1 /* PlaygroundTests.swift in Sources */,
			);
			runOnlyForDeploymentPostprocessing = 0;
		};
		1850806D241FD9EE00F261E1 /* Sources */ = {
			isa = PBXSourcesBuildPhase;
			buildActionMask = 2147483647;
			files = (
				18508076241FD9EE00F261E1 /* PlaygroundUITests.swift in Sources */,
			);
			runOnlyForDeploymentPostprocessing = 0;
		};
/* End PBXSourcesBuildPhase section */

/* Begin PBXTargetDependency section */
		18508068241FD9EE00F261E1 /* PBXTargetDependency */ = {
			isa = PBXTargetDependency;
			target = 1850804C241FD9ED00F261E1 /* Playground */;
			targetProxy = 18508067241FD9EE00F261E1 /* PBXContainerItemProxy */;
		};
		18508073241FD9EE00F261E1 /* PBXTargetDependency */ = {
			isa = PBXTargetDependency;
			target = 1850804C241FD9ED00F261E1 /* Playground */;
			targetProxy = 18508072241FD9EE00F261E1 /* PBXContainerItemProxy */;
		};
/* End PBXTargetDependency section */

/* Begin PBXVariantGroup section */
		18508056241FD9ED00F261E1 /* Main.storyboard */ = {
			isa = PBXVariantGroup;
			children = (
				18508057241FD9ED00F261E1 /* Base */,
			);
			name = Main.storyboard;
			sourceTree = "<group>";
		};
		1850805E241FD9EE00F261E1 /* LaunchScreen.storyboard */ = {
			isa = PBXVariantGroup;
			children = (
				1850805F241FD9EE00F261E1 /* Base */,
			);
			name = LaunchScreen.storyboard;
			sourceTree = "<group>";
		};
/* End PBXVariantGroup section */

/* Begin XCBuildConfiguration section */
		18508078241FD9EE00F261E1 /* Debug */ = {
			isa = XCBuildConfiguration;
			buildSettings = {
				ALWAYS_SEARCH_USER_PATHS = NO;
				CLANG_ANALYZER_NONNULL = YES;
				CLANG_ANALYZER_NUMBER_OBJECT_CONVERSION = YES_AGGRESSIVE;
				CLANG_CXX_LANGUAGE_STANDARD = "gnu++14";
				CLANG_CXX_LIBRARY = "libc++";
				CLANG_ENABLE_MODULES = YES;
				CLANG_ENABLE_OBJC_ARC = YES;
				CLANG_ENABLE_OBJC_WEAK = YES;
				CLANG_WARN_BLOCK_CAPTURE_AUTORELEASING = YES;
				CLANG_WARN_BOOL_CONVERSION = YES;
				CLANG_WARN_COMMA = YES;
				CLANG_WARN_CONSTANT_CONVERSION = YES;
				CLANG_WARN_DEPRECATED_OBJC_IMPLEMENTATIONS = YES;
				CLANG_WARN_DIRECT_OBJC_ISA_USAGE = YES_ERROR;
				CLANG_WARN_DOCUMENTATION_COMMENTS = YES;
				CLANG_WARN_EMPTY_BODY = YES;
				CLANG_WARN_ENUM_CONVERSION = YES;
				CLANG_WARN_INFINITE_RECURSION = YES;
				CLANG_WARN_INT_CONVERSION = YES;
				CLANG_WARN_NON_LITERAL_NULL_CONVERSION = YES;
				CLANG_WARN_OBJC_IMPLICIT_RETAIN_SELF = YES;
				CLANG_WARN_OBJC_LITERAL_CONVERSION = YES;
				CLANG_WARN_OBJC_ROOT_CLASS = YES_ERROR;
				CLANG_WARN_RANGE_LOOP_ANALYSIS = YES;
				CLANG_WARN_STRICT_PROTOTYPES = YES;
				CLANG_WARN_SUSPICIOUS_MOVE = YES;
				CLANG_WARN_UNGUARDED_AVAILABILITY = YES_AGGRESSIVE;
				CLANG_WARN_UNREACHABLE_CODE = YES;
				CLANG_WARN__DUPLICATE_METHOD_MATCH = YES;
				COPY_PHASE_STRIP = NO;
				DEBUG_INFORMATION_FORMAT = dwarf;
				ENABLE_STRICT_OBJC_MSGSEND = YES;
				ENABLE_TESTABILITY = YES;
				GCC_C_LANGUAGE_STANDARD = gnu11;
				GCC_DYNAMIC_NO_PIC = NO;
				GCC_NO_COMMON_BLOCKS = YES;
				GCC_OPTIMIZATION_LEVEL = 0;
				GCC_PREPROCESSOR_DEFINITIONS = (
					"DEBUG=1",
					"$(inherited)",
				);
				GCC_WARN_64_TO_32_BIT_CONVERSION = YES;
				GCC_WARN_ABOUT_RETURN_TYPE = YES_ERROR;
				GCC_WARN_UNDECLARED_SELECTOR = YES;
				GCC_WARN_UNINITIALIZED_AUTOS = YES_AGGRESSIVE;
				GCC_WARN_UNUSED_FUNCTION = YES;
				GCC_WARN_UNUSED_VARIABLE = YES;
				IPHONEOS_DEPLOYMENT_TARGET = 13.2;
				MTL_ENABLE_DEBUG_INFO = INCLUDE_SOURCE;
				MTL_FAST_MATH = YES;
				ONLY_ACTIVE_ARCH = YES;
				SDKROOT = iphoneos;
				SWIFT_ACTIVE_COMPILATION_CONDITIONS = DEBUG;
				SWIFT_OPTIMIZATION_LEVEL = "-Onone";
			};
			name = Debug;
		};
		18508079241FD9EE00F261E1 /* Release */ = {
			isa = XCBuildConfiguration;
			buildSettings = {
				ALWAYS_SEARCH_USER_PATHS = NO;
				CLANG_ANALYZER_NONNULL = YES;
				CLANG_ANALYZER_NUMBER_OBJECT_CONVERSION = YES_AGGRESSIVE;
				CLANG_CXX_LANGUAGE_STANDARD = "gnu++14";
				CLANG_CXX_LIBRARY = "libc++";
				CLANG_ENABLE_MODULES = YES;
				CLANG_ENABLE_OBJC_ARC = YES;
				CLANG_ENABLE_OBJC_WEAK = YES;
				CLANG_WARN_BLOCK_CAPTURE_AUTORELEASING = YES;
				CLANG_WARN_BOOL_CONVERSION = YES;
				CLANG_WARN_COMMA = YES;
				CLANG_WARN_CONSTANT_CONVERSION = YES;
				CLANG_WARN_DEPRECATED_OBJC_IMPLEMENTATIONS = YES;
				CLANG_WARN_DIRECT_OBJC_ISA_USAGE = YES_ERROR;
				CLANG_WARN_DOCUMENTATION_COMMENTS = YES;
				CLANG_WARN_EMPTY_BODY = YES;
				CLANG_WARN_ENUM_CONVERSION = YES;
				CLANG_WARN_INFINITE_RECURSION = YES;
				CLANG_WARN_INT_CONVERSION = YES;
				CLANG_WARN_NON_LITERAL_NULL_CONVERSION = YES;
				CLANG_WARN_OBJC_IMPLICIT_RETAIN_SELF = YES;
				CLANG_WARN_OBJC_LITERAL_CONVERSION = YES;
				CLANG_WARN_OBJC_ROOT_CLASS = YES_ERROR;
				CLANG_WARN_RANGE_LOOP_ANALYSIS = YES;
				CLANG_WARN_STRICT_PROTOTYPES = YES;
				CLANG_WARN_SUSPICIOUS_MOVE = YES;
				CLANG_WARN_UNGUARDED_AVAILABILITY = YES_AGGRESSIVE;
				CLANG_WARN_UNREACHABLE_CODE = YES;
				CLANG_WARN__DUPLICATE_METHOD_MATCH = YES;
				COPY_PHASE_STRIP = NO;
				DEBUG_INFORMATION_FORMAT = "dwarf-with-dsym";
				ENABLE_NS_ASSERTIONS = NO;
				ENABLE_STRICT_OBJC_MSGSEND = YES;
				GCC_C_LANGUAGE_STANDARD = gnu11;
				GCC_NO_COMMON_BLOCKS = YES;
				GCC_WARN_64_TO_32_BIT_CONVERSION = YES;
				GCC_WARN_ABOUT_RETURN_TYPE = YES_ERROR;
				GCC_WARN_UNDECLARED_SELECTOR = YES;
				GCC_WARN_UNINITIALIZED_AUTOS = YES_AGGRESSIVE;
				GCC_WARN_UNUSED_FUNCTION = YES;
				GCC_WARN_UNUSED_VARIABLE = YES;
				IPHONEOS_DEPLOYMENT_TARGET = 13.2;
				MTL_ENABLE_DEBUG_INFO = NO;
				MTL_FAST_MATH = YES;
				SDKROOT = iphoneos;
				SWIFT_COMPILATION_MODE = wholemodule;
				SWIFT_OPTIMIZATION_LEVEL = "-O";
				VALIDATE_PRODUCT = YES;
			};
			name = Release;
		};
		1850807B241FD9EE00F261E1 /* Debug */ = {
			isa = XCBuildConfiguration;
			buildSettings = {
				ASSETCATALOG_COMPILER_APPICON_NAME = AppIcon;
				CODE_SIGN_STYLE = Automatic;
				DEVELOPMENT_TEAM = WT6ZFX5A4H;
				INFOPLIST_FILE = Playground/Info.plist;
				LD_RUNPATH_SEARCH_PATHS = (
					"$(inherited)",
					"@executable_path/Frameworks",
				);
				PRODUCT_BUNDLE_IDENTIFIER = www.apple.com.Playground;
				PRODUCT_NAME = "$(TARGET_NAME)";
				SWIFT_VERSION = 5.0;
				TARGETED_DEVICE_FAMILY = "1,2";
			};
			name = Debug;
		};
		1850807C241FD9EE00F261E1 /* Release */ = {
			isa = XCBuildConfiguration;
			buildSettings = {
				ASSETCATALOG_COMPILER_APPICON_NAME = AppIcon;
				CODE_SIGN_STYLE = Automatic;
				DEVELOPMENT_TEAM = WT6ZFX5A4H;
				INFOPLIST_FILE = Playground/Info.plist;
				LD_RUNPATH_SEARCH_PATHS = (
					"$(inherited)",
					"@executable_path/Frameworks",
				);
				PRODUCT_BUNDLE_IDENTIFIER = www.apple.com.Playground;
				PRODUCT_NAME = "$(TARGET_NAME)";
				SWIFT_VERSION = 5.0;
				TARGETED_DEVICE_FAMILY = "1,2";
			};
			name = Release;
		};
		1850807E241FD9EE00F261E1 /* Debug */ = {
			isa = XCBuildConfiguration;
			buildSettings = {
				ALWAYS_EMBED_SWIFT_STANDARD_LIBRARIES = YES;
				BUNDLE_LOADER = "$(TEST_HOST)";
				CODE_SIGN_STYLE = Automatic;
				DEVELOPMENT_TEAM = WT6ZFX5A4H;
				INFOPLIST_FILE = PlaygroundTests/Info.plist;
				IPHONEOS_DEPLOYMENT_TARGET = 13.2;
				LD_RUNPATH_SEARCH_PATHS = (
					"$(inherited)",
					"@executable_path/Frameworks",
					"@loader_path/Frameworks",
				);
				PRODUCT_BUNDLE_IDENTIFIER = www.apple.com.PlaygroundTests;
				PRODUCT_NAME = "$(TARGET_NAME)";
				SWIFT_VERSION = 5.0;
				TARGETED_DEVICE_FAMILY = "1,2";
				TEST_HOST = "$(BUILT_PRODUCTS_DIR)/Playground.app/Playground";
			};
			name = Debug;
		};
		1850807F241FD9EE00F261E1 /* Release */ = {
			isa = XCBuildConfiguration;
			buildSettings = {
				ALWAYS_EMBED_SWIFT_STANDARD_LIBRARIES = YES;
				BUNDLE_LOADER = "$(TEST_HOST)";
				CODE_SIGN_STYLE = Automatic;
				DEVELOPMENT_TEAM = WT6ZFX5A4H;
				INFOPLIST_FILE = PlaygroundTests/Info.plist;
				IPHONEOS_DEPLOYMENT_TARGET = 13.2;
				LD_RUNPATH_SEARCH_PATHS = (
					"$(inherited)",
					"@executable_path/Frameworks",
					"@loader_path/Frameworks",
				);
				PRODUCT_BUNDLE_IDENTIFIER = www.apple.com.PlaygroundTests;
				PRODUCT_NAME = "$(TARGET_NAME)";
				SWIFT_VERSION = 5.0;
				TARGETED_DEVICE_FAMILY = "1,2";
				TEST_HOST = "$(BUILT_PRODUCTS_DIR)/Playground.app/Playground";
			};
			name = Release;
		};
		18508081241FD9EE00F261E1 /* Debug */ = {
			isa = XCBuildConfiguration;
			buildSettings = {
				ALWAYS_EMBED_SWIFT_STANDARD_LIBRARIES = YES;
				CODE_SIGN_STYLE = Automatic;
				DEVELOPMENT_TEAM = WT6ZFX5A4H;
				INFOPLIST_FILE = PlaygroundUITests/Info.plist;
				LD_RUNPATH_SEARCH_PATHS = (
					"$(inherited)",
					"@executable_path/Frameworks",
					"@loader_path/Frameworks",
				);
				PRODUCT_BUNDLE_IDENTIFIER = www.apple.com.PlaygroundUITests;
				PRODUCT_NAME = "$(TARGET_NAME)";
				SWIFT_VERSION = 5.0;
				TARGETED_DEVICE_FAMILY = "1,2";
				TEST_TARGET_NAME = Playground;
			};
			name = Debug;
		};
		18508082241FD9EE00F261E1 /* Release */ = {
			isa = XCBuildConfiguration;
			buildSettings = {
				ALWAYS_EMBED_SWIFT_STANDARD_LIBRARIES = YES;
				CODE_SIGN_STYLE = Automatic;
				DEVELOPMENT_TEAM = WT6ZFX5A4H;
				INFOPLIST_FILE = PlaygroundUITests/Info.plist;
				LD_RUNPATH_SEARCH_PATHS = (
					"$(inherited)",
					"@executable_path/Frameworks",
					"@loader_path/Frameworks",
				);
				PRODUCT_BUNDLE_IDENTIFIER = www.apple.com.PlaygroundUITests;
				PRODUCT_NAME = "$(TARGET_NAME)";
				SWIFT_VERSION = 5.0;
				TARGETED_DEVICE_FAMILY = "1,2";
				TEST_TARGET_NAME = Playground;
			};
			name = Release;
		};
/* End XCBuildConfiguration section */

/* Begin XCConfigurationList section */
		18508048241FD9ED00F261E1 /* Build configuration list for PBXProject "Playground" */ = {
			isa = XCConfigurationList;
			buildConfigurations = (
				18508078241FD9EE00F261E1 /* Debug */,
				18508079241FD9EE00F261E1 /* Release */,
			);
			defaultConfigurationIsVisible = 0;
			defaultConfigurationName = Release;
		};
		1850807A241FD9EE00F261E1 /* Build configuration list for PBXNativeTarget "Playground" */ = {
			isa = XCConfigurationList;
			buildConfigurations = (
				1850807B241FD9EE00F261E1 /* Debug */,
				1850807C241FD9EE00F261E1 /* Release */,
			);
			defaultConfigurationIsVisible = 0;
			defaultConfigurationName = Release;
		};
		1850807D241FD9EE00F261E1 /* Build configuration list for PBXNativeTarget "PlaygroundTests" */ = {
			isa = XCConfigurationList;
			buildConfigurations = (
				1850807E241FD9EE00F261E1 /* Debug */,
				1850807F241FD9EE00F261E1 /* Release */,
			);
			defaultConfigurationIsVisible = 0;
			defaultConfigurationName = Release;
		};
		18508080241FD9EE00F261E1 /* Build configuration list for PBXNativeTarget "PlaygroundUITests" */ = {
			isa = XCConfigurationList;
			buildConfigurations = (
				18508081241FD9EE00F261E1 /* Debug */,
				18508082241FD9EE00F261E1 /* Release */,
			);
			defaultConfigurationIsVisible = 0;
			defaultConfigurationName = Release;
		};
/* End XCConfigurationList section */

/* Begin XCVersionGroup section */
		18508059241FD9ED00F261E1 /* Playground.xcdatamodeld */ = {
			isa = XCVersionGroup;
			children = (
				1850805A241FD9ED00F261E1 /* Playground.xcdatamodel */,
			);
			currentVersion = 1850805A241FD9ED00F261E1 /* Playground.xcdatamodel */;
			path = Playground.xcdatamodeld;
			sourceTree = "<group>";
			versionGroupType = wrapper.xcdatamodel;
		};
/* End XCVersionGroup section */
	};
	rootObject = 18508045241FD9ED00F261E1 /* Project object */;
}
